{
  "name": "js",
  "lockfileVersion": 3,
  "requires": true,
  "packages": {
    "": {
      "dependencies": {
        "figlet": "^1.7.0"
      }
    },
    "node_modules/commander": {
      "version": "14.0.0",
      "resolved": "https://registry.npmjs.org/commander/-/commander-14.0.0.tgz",
      "integrity": "sha512-2uM9rYjPvyq39NwLRqaiLtWHyDC1FvryJDa2ATTVims5YAS4PupsEQsDvP14FqhFr0P49CYDugi59xaxJlTXRA==",
      "license": "MIT",
      "engines": {
        "node": ">=20"
      }
    },
    "node_modules/figlet": {
      "version": "1.9.3",
      "resolved": "https://registry.npmjs.org/figlet/-/figlet-1.9.3.tgz",
      "integrity": "sha512-majPgOpVtrZN1iyNGbsUP6bOtZ6eaJgg5HHh0vFvm5DJhh8dc+FJpOC4GABvMZ/A7XHAJUuJujhgUY/2jPWgMA==",
      "license": "MIT",
      "dependencies": {
        "commander": "^14.0.0"
      },
      "bin": {
        "figlet": "bin/index.js"
      },
      "engines": {
        "node": ">= 17.0.0"
      }
    }
  }
}
