{
  "name": "lambda",
  "lockfileVersion": 3,
  "requires": true,
  "packages": {
    "": {
      "dependencies": {
        "figlet": "^1.7.0"
      }
    },
    "node_modules/figlet": {
      "version": "1.8.1",
      "resolved": "https://registry.npmjs.org/figlet/-/figlet-1.8.1.tgz",
      "integrity": "sha512-kEC3Sme+YvA8Hkibv0NR1oClGcWia0VB2fC1SlMy027cwe795Xx40Xiv/nw/iFAwQLupymWh+uhAAErn/7hwPg==",
      "license": "MIT",
      "bin": {
        "figlet": "bin/index.js"
      },
      "engines": {
        "node": ">= 0.4.0"
      }
    }
  }
}
