{
  "name": "lambda",
  "lockfileVersion": 3,
  "requires": true,
  "packages": {
    "": {
      "dependencies": {
        "figlet": "^1.7.0"
      }
    },
    "node_modules/figlet": {
      "version": "1.8.0",
      "resolved": "https://registry.npmjs.org/figlet/-/figlet-1.8.0.tgz",
      "integrity": "sha512-chzvGjd+Sp7KUvPHZv6EXV5Ir3Q7kYNpCr4aHrRW79qFtTefmQZNny+W1pW9kf5zeE6dikku2W50W/wAH2xWgw==",
      "license": "MIT",
      "bin": {
        "figlet": "bin/index.js"
      },
      "engines": {
        "node": ">= 0.4.0"
      }
    }
  }
}
