{
  "name": "lambda",
  "lockfileVersion": 3,
  "requires": true,
  "packages": {
    "": {
      "dependencies": {
        "figlet": "^1.7.0"
      }
    },
    "node_modules/figlet": {
      "version": "1.8.2",
      "resolved": "https://registry.npmjs.org/figlet/-/figlet-1.8.2.tgz",
      "integrity": "sha512-iPCpE9B/rOcjewIzDnagP9F2eySzGeHReX8WlrZQJkqFBk2wvq8gY0c6U6Hd2y9HnX1LQcYSeP7aEHoPt6sVKQ==",
      "license": "MIT",
      "bin": {
        "figlet": "bin/index.js"
      },
      "engines": {
        "node": ">= 0.4.0"
      }
    }
  }
}
